
Microsoft Visual Studio Solution File, Format Version 12.00
# Visual Studio 2012
Project("{FAE04EC0-301F-11D3-BF4B-00C04F79EFBC}") = "TaskManager", "TaskManager\TaskManager.csproj", "{54DC9278-3B80-4676-BE84-5F0146A796AC}"
EndProject
Project("{FAE04EC0-301F-11D3-BF4B-00C04F79EFBC}") = "TaskManager.DB", "TaskManager.DB\TaskManager.DB.csproj", "{6A316AFD-360B-456F-87E3-C26FCB181D78}"
EndProject
Project("{FAE04EC0-301F-11D3-BF4B-00C04F79EFBC}") = "TaskManager.DBEntity", "TaskManager.DBEntity\TaskManager.DBEntity.csproj", "{55E3B65B-6B48-446F-85F4-1E196E3F86B7}"
EndProject
Project("{FAE04EC0-301F-11D3-BF4B-00C04F79EFBC}") = "TaskManager.Repository", "TaskManager.Repository\TaskManager.Repository.csproj", "{444764C9-E896-45EB-9FD2-E7E8BB6273B5}"
EndProject
Project("{FAE04EC0-301F-11D3-BF4B-00C04F79EFBC}") = "TaskManager.Service", "TaskManager.Service\TaskManager.Service.csproj", "{D712B761-AE39-4E99-86EB-65D7A5CBF4F3}"
EndProject
Project("{FAE04EC0-301F-11D3-BF4B-00C04F79EFBC}") = "TaskManager.LogicEntity", "TaskManager.LogicEntity\TaskManager.LogicEntity.csproj", "{0ABCF9FA-905A-447B-ACAB-A1437095A0D9}"
EndProject
Project("{FAE04EC0-301F-11D3-BF4B-00C04F79EFBC}") = "TaskManager.Utils", "TaskManager.Utils\TaskManager.Utils.csproj", "{F3A8CC59-23D6-4C01-8B9A-837CD34718EB}"
EndProject
Project("{2150E333-8FDC-42A3-9474-1A3956D46DE8}") = "Core", "Core", "{7070D397-0FDB-4898-A42E-BF1364AE6925}"
EndProject
Project("{2150E333-8FDC-42A3-9474-1A3956D46DE8}") = "WebSite", "WebSite", "{BD684FBD-888F-4628-8E52-660CEDC7BCAB}"
EndProject
Project("{2150E333-8FDC-42A3-9474-1A3956D46DE8}") = "AgentService", "AgentService", "{3A786AE0-1592-4AC5-8C86-0333C0FEC53A}"
EndProject
Project("{FAE04EC0-301F-11D3-BF4B-00C04F79EFBC}") = "TaskManager.ApiSdk", "TaskManager.ApiSdk\TaskManager.ApiSdk.csproj", "{EACA6DCC-5BBC-4EA1-BB68-D8EC2D22C673}"
EndProject
Project("{FAE04EC0-301F-11D3-BF4B-00C04F79EFBC}") = "TmSdkTest", "TmSdkTest\TmSdkTest.csproj", "{E76FA100-196A-4389-90E4-C8391C17361F}"
EndProject
Project("{FAE04EC0-301F-11D3-BF4B-00C04F79EFBC}") = "TaskManager.AgentService", "TaskManager.AgentService\TaskManager.AgentService.csproj", "{E17CF785-281F-4C71-BB95-2163D3EE20EB}"
EndProject
Project("{FAE04EC0-301F-11D3-BF4B-00C04F79EFBC}") = "TaskManager.Node", "TaskManager.Node\TaskManager.Node.csproj", "{6F567FC6-556F-4245-9704-ACF9CDE268F6}"
EndProject
Project("{FAE04EC0-301F-11D3-BF4B-00C04F79EFBC}") = "TaskManager.NodeTest", "TaskManager.NodeTest\TaskManager.NodeTest.csproj", "{4ACA6EA4-644B-4028-90B2-352211251601}"
EndProject
Project("{2150E333-8FDC-42A3-9474-1A3956D46DE8}") = "Test", "Test", "{48C8DE5B-B30A-445F-9F63-D7F0C91AEEB9}"
EndProject
Project("{FAE04EC0-301F-11D3-BF4B-00C04F79EFBC}") = "TaskCore", "TaskCore\TaskCore.csproj", "{4E719766-1C24-4E65-9597-EB1BC5F409D5}"
EndProject
Project("{FAE04EC0-301F-11D3-BF4B-00C04F79EFBC}") = "TaskTest", "TaskTest\TaskTest.csproj", "{BC9C0CCF-4D6A-443F-80D4-DED111E3ABA1}"
EndProject
Global
	GlobalSection(SolutionConfigurationPlatforms) = preSolution
		Debug|Any CPU = Debug|Any CPU
		Release|Any CPU = Release|Any CPU
	EndGlobalSection
	GlobalSection(ProjectConfigurationPlatforms) = postSolution
		{54DC9278-3B80-4676-BE84-5F0146A796AC}.Debug|Any CPU.ActiveCfg = Debug|Any CPU
		{54DC9278-3B80-4676-BE84-5F0146A796AC}.Debug|Any CPU.Build.0 = Debug|Any CPU
		{54DC9278-3B80-4676-BE84-5F0146A796AC}.Release|Any CPU.ActiveCfg = Release|Any CPU
		{54DC9278-3B80-4676-BE84-5F0146A796AC}.Release|Any CPU.Build.0 = Release|Any CPU
		{6A316AFD-360B-456F-87E3-C26FCB181D78}.Debug|Any CPU.ActiveCfg = Debug|Any CPU
		{6A316AFD-360B-456F-87E3-C26FCB181D78}.Debug|Any CPU.Build.0 = Debug|Any CPU
		{6A316AFD-360B-456F-87E3-C26FCB181D78}.Release|Any CPU.ActiveCfg = Release|Any CPU
		{6A316AFD-360B-456F-87E3-C26FCB181D78}.Release|Any CPU.Build.0 = Release|Any CPU
		{55E3B65B-6B48-446F-85F4-1E196E3F86B7}.Debug|Any CPU.ActiveCfg = Debug|Any CPU
		{55E3B65B-6B48-446F-85F4-1E196E3F86B7}.Debug|Any CPU.Build.0 = Debug|Any CPU
		{55E3B65B-6B48-446F-85F4-1E196E3F86B7}.Release|Any CPU.ActiveCfg = Release|Any CPU
		{55E3B65B-6B48-446F-85F4-1E196E3F86B7}.Release|Any CPU.Build.0 = Release|Any CPU
		{444764C9-E896-45EB-9FD2-E7E8BB6273B5}.Debug|Any CPU.ActiveCfg = Debug|Any CPU
		{444764C9-E896-45EB-9FD2-E7E8BB6273B5}.Debug|Any CPU.Build.0 = Debug|Any CPU
		{444764C9-E896-45EB-9FD2-E7E8BB6273B5}.Release|Any CPU.ActiveCfg = Release|Any CPU
		{444764C9-E896-45EB-9FD2-E7E8BB6273B5}.Release|Any CPU.Build.0 = Release|Any CPU
		{D712B761-AE39-4E99-86EB-65D7A5CBF4F3}.Debug|Any CPU.ActiveCfg = Debug|Any CPU
		{D712B761-AE39-4E99-86EB-65D7A5CBF4F3}.Debug|Any CPU.Build.0 = Debug|Any CPU
		{D712B761-AE39-4E99-86EB-65D7A5CBF4F3}.Release|Any CPU.ActiveCfg = Release|Any CPU
		{D712B761-AE39-4E99-86EB-65D7A5CBF4F3}.Release|Any CPU.Build.0 = Release|Any CPU
		{0ABCF9FA-905A-447B-ACAB-A1437095A0D9}.Debug|Any CPU.ActiveCfg = Debug|Any CPU
		{0ABCF9FA-905A-447B-ACAB-A1437095A0D9}.Debug|Any CPU.Build.0 = Debug|Any CPU
		{0ABCF9FA-905A-447B-ACAB-A1437095A0D9}.Release|Any CPU.ActiveCfg = Release|Any CPU
		{0ABCF9FA-905A-447B-ACAB-A1437095A0D9}.Release|Any CPU.Build.0 = Release|Any CPU
		{F3A8CC59-23D6-4C01-8B9A-837CD34718EB}.Debug|Any CPU.ActiveCfg = Debug|Any CPU
		{F3A8CC59-23D6-4C01-8B9A-837CD34718EB}.Debug|Any CPU.Build.0 = Debug|Any CPU
		{F3A8CC59-23D6-4C01-8B9A-837CD34718EB}.Release|Any CPU.ActiveCfg = Release|Any CPU
		{F3A8CC59-23D6-4C01-8B9A-837CD34718EB}.Release|Any CPU.Build.0 = Release|Any CPU
		{EACA6DCC-5BBC-4EA1-BB68-D8EC2D22C673}.Debug|Any CPU.ActiveCfg = Debug|Any CPU
		{EACA6DCC-5BBC-4EA1-BB68-D8EC2D22C673}.Debug|Any CPU.Build.0 = Debug|Any CPU
		{EACA6DCC-5BBC-4EA1-BB68-D8EC2D22C673}.Release|Any CPU.ActiveCfg = Release|Any CPU
		{EACA6DCC-5BBC-4EA1-BB68-D8EC2D22C673}.Release|Any CPU.Build.0 = Release|Any CPU
		{E76FA100-196A-4389-90E4-C8391C17361F}.Debug|Any CPU.ActiveCfg = Debug|Any CPU
		{E76FA100-196A-4389-90E4-C8391C17361F}.Debug|Any CPU.Build.0 = Debug|Any CPU
		{E76FA100-196A-4389-90E4-C8391C17361F}.Release|Any CPU.ActiveCfg = Release|Any CPU
		{E76FA100-196A-4389-90E4-C8391C17361F}.Release|Any CPU.Build.0 = Release|Any CPU
		{E17CF785-281F-4C71-BB95-2163D3EE20EB}.Debug|Any CPU.ActiveCfg = Debug|Any CPU
		{E17CF785-281F-4C71-BB95-2163D3EE20EB}.Debug|Any CPU.Build.0 = Debug|Any CPU
		{E17CF785-281F-4C71-BB95-2163D3EE20EB}.Release|Any CPU.ActiveCfg = Release|Any CPU
		{E17CF785-281F-4C71-BB95-2163D3EE20EB}.Release|Any CPU.Build.0 = Release|Any CPU
		{6F567FC6-556F-4245-9704-ACF9CDE268F6}.Debug|Any CPU.ActiveCfg = Debug|Any CPU
		{6F567FC6-556F-4245-9704-ACF9CDE268F6}.Debug|Any CPU.Build.0 = Debug|Any CPU
		{6F567FC6-556F-4245-9704-ACF9CDE268F6}.Release|Any CPU.ActiveCfg = Release|Any CPU
		{6F567FC6-556F-4245-9704-ACF9CDE268F6}.Release|Any CPU.Build.0 = Release|Any CPU
		{4ACA6EA4-644B-4028-90B2-352211251601}.Debug|Any CPU.ActiveCfg = Debug|Any CPU
		{4ACA6EA4-644B-4028-90B2-352211251601}.Debug|Any CPU.Build.0 = Debug|Any CPU
		{4ACA6EA4-644B-4028-90B2-352211251601}.Release|Any CPU.ActiveCfg = Release|Any CPU
		{4ACA6EA4-644B-4028-90B2-352211251601}.Release|Any CPU.Build.0 = Release|Any CPU
		{4E719766-1C24-4E65-9597-EB1BC5F409D5}.Debug|Any CPU.ActiveCfg = Debug|Any CPU
		{4E719766-1C24-4E65-9597-EB1BC5F409D5}.Debug|Any CPU.Build.0 = Debug|Any CPU
		{4E719766-1C24-4E65-9597-EB1BC5F409D5}.Release|Any CPU.ActiveCfg = Release|Any CPU
		{4E719766-1C24-4E65-9597-EB1BC5F409D5}.Release|Any CPU.Build.0 = Release|Any CPU
		{BC9C0CCF-4D6A-443F-80D4-DED111E3ABA1}.Debug|Any CPU.ActiveCfg = Debug|Any CPU
		{BC9C0CCF-4D6A-443F-80D4-DED111E3ABA1}.Debug|Any CPU.Build.0 = Debug|Any CPU
		{BC9C0CCF-4D6A-443F-80D4-DED111E3ABA1}.Release|Any CPU.ActiveCfg = Release|Any CPU
		{BC9C0CCF-4D6A-443F-80D4-DED111E3ABA1}.Release|Any CPU.Build.0 = Release|Any CPU
	EndGlobalSection
	GlobalSection(SolutionProperties) = preSolution
		HideSolutionNode = FALSE
	EndGlobalSection
	GlobalSection(NestedProjects) = preSolution
		{D712B761-AE39-4E99-86EB-65D7A5CBF4F3} = {BD684FBD-888F-4628-8E52-660CEDC7BCAB}
		{54DC9278-3B80-4676-BE84-5F0146A796AC} = {BD684FBD-888F-4628-8E52-660CEDC7BCAB}
		{55E3B65B-6B48-446F-85F4-1E196E3F86B7} = {BD684FBD-888F-4628-8E52-660CEDC7BCAB}
		{6A316AFD-360B-456F-87E3-C26FCB181D78} = {BD684FBD-888F-4628-8E52-660CEDC7BCAB}
		{444764C9-E896-45EB-9FD2-E7E8BB6273B5} = {BD684FBD-888F-4628-8E52-660CEDC7BCAB}
		{0ABCF9FA-905A-447B-ACAB-A1437095A0D9} = {7070D397-0FDB-4898-A42E-BF1364AE6925}
		{4E719766-1C24-4E65-9597-EB1BC5F409D5} = {7070D397-0FDB-4898-A42E-BF1364AE6925}
		{EACA6DCC-5BBC-4EA1-BB68-D8EC2D22C673} = {3A786AE0-1592-4AC5-8C86-0333C0FEC53A}
		{E17CF785-281F-4C71-BB95-2163D3EE20EB} = {3A786AE0-1592-4AC5-8C86-0333C0FEC53A}
		{6F567FC6-556F-4245-9704-ACF9CDE268F6} = {3A786AE0-1592-4AC5-8C86-0333C0FEC53A}
		{4ACA6EA4-644B-4028-90B2-352211251601} = {48C8DE5B-B30A-445F-9F63-D7F0C91AEEB9}
		{E76FA100-196A-4389-90E4-C8391C17361F} = {48C8DE5B-B30A-445F-9F63-D7F0C91AEEB9}
		{BC9C0CCF-4D6A-443F-80D4-DED111E3ABA1} = {48C8DE5B-B30A-445F-9F63-D7F0C91AEEB9}
	EndGlobalSection
EndGlobal
